
Microsoft Visual Studio Solution File, Format Version 12.00
# Visual Studio Version 16
VisualStudioVersion = 16.0.30114.105
MinimumVisualStudioVersion = 10.0.40219.1
Project("{FAE04EC0-301F-11D3-BF4B-00C04F79EFBC}") = "Blazor", "Blazor\Blazor.csproj", "{195AD635-CD82-4B16-9446-A1CEFEA69541}"
EndProject
Project("{F2A71F9B-5D33-465A-A702-920D77279786}") = "Tests.Functional", "Tests.Functional\Tests.Functional.fsproj", "{16D17BA0-6C1D-4F5B-B751-CA47EE005BF1}"
EndProject
Global
	GlobalSection(SolutionConfigurationPlatforms) = preSolution
		Debug|Any CPU = Debug|Any CPU
		Release|Any CPU = Release|Any CPU
	EndGlobalSection
	GlobalSection(SolutionProperties) = preSolution
		HideSolutionNode = FALSE
	EndGlobalSection
	GlobalSection(ProjectConfigurationPlatforms) = postSolution
		{195AD635-CD82-4B16-9446-A1CEFEA69541}.Debug|Any CPU.ActiveCfg = Debug|Any CPU
		{195AD635-CD82-4B16-9446-A1CEFEA69541}.Debug|Any CPU.Build.0 = Debug|Any CPU
		{195AD635-CD82-4B16-9446-A1CEFEA69541}.Release|Any CPU.ActiveCfg = Release|Any CPU
		{195AD635-CD82-4B16-9446-A1CEFEA69541}.Release|Any CPU.Build.0 = Release|Any CPU
		{16D17BA0-6C1D-4F5B-B751-CA47EE005BF1}.Debug|Any CPU.ActiveCfg = Debug|Any CPU
		{16D17BA0-6C1D-4F5B-B751-CA47EE005BF1}.Debug|Any CPU.Build.0 = Debug|Any CPU
		{16D17BA0-6C1D-4F5B-B751-CA47EE005BF1}.Release|Any CPU.ActiveCfg = Release|Any CPU
		{16D17BA0-6C1D-4F5B-B751-CA47EE005BF1}.Release|Any CPU.Build.0 = Release|Any CPU
	EndGlobalSection
EndGlobal
